// !$*UTF8*$!
{
	archiveVersion = 1;
	classes = {
	};
	objectVersion = 50;
	objects = {

/* Begin PBXBuildFile section */
		97C0595E23A1C1CE00C55D72 /* AppDelegate.swift in Sources */ = {isa = PBXBuildFile; fileRef = 97C0595D23A1C1CE00C55D72 /* AppDelegate.swift */; };
		97C0596023A1C1CE00C55D72 /* SceneDelegate.swift in Sources */ = {isa = PBXBuildFile; fileRef = 97C0595F23A1C1CE00C55D72 /* SceneDelegate.swift */; };
		97C0596223A1C1CE00C55D72 /* ViewController.swift in Sources */ = {isa = PBXBuildFile; fileRef = 97C0596123A1C1CE00C55D72 /* ViewController.swift */; };
		97C0596523A1C1CE00C55D72 /* Main.storyboard in Resources */ = {isa = PBXBuildFile; fileRef = 97C0596323A1C1CE00C55D72 /* Main.storyboard */; };
		97C0596723A1C1D200C55D72 /* Assets.xcassets in Resources */ = {isa = PBXBuildFile; fileRef = 97C0596623A1C1D200C55D72 /* Assets.xcassets */; };
		97C0596A23A1C1D200C55D72 /* LaunchScreen.storyboard in Resources */ = {isa = PBXBuildFile; fileRef = 97C0596823A1C1D200C55D72 /* LaunchScreen.storyboard */; };
/* End PBXBuildFile section */

/* Begin PBXFileReference section */
		97C0595A23A1C1CE00C55D72 /* FritzFInal.app */ = {isa = PBXFileReference; explicitFileType = wrapper.application; includeInIndex = 0; path = FritzFInal.app; sourceTree = BUILT_PRODUCTS_DIR; };
		97C0595D23A1C1CE00C55D72 /* AppDelegate.swift */ = {isa = PBXFileReference; lastKnownFileType = sourcecode.swift; path = AppDelegate.swift; sourceTree = "<group>"; };
		97C0595F23A1C1CE00C55D72 /* SceneDelegate.swift */ = {isa = PBXFileReference; lastKnownFileType = sourcecode.swift; path = SceneDelegate.swift; sourceTree = "<group>"; };
		97C0596123A1C1CE00C55D72 /* ViewController.swift */ = {isa = PBXFileReference; lastKnownFileType = sourcecode.swift; path = ViewController.swift; sourceTree = "<group>"; };
		97C0596423A1C1CE00C55D72 /* Base */ = {isa = PBXFileReference; lastKnownFileType = file.storyboard; name = Base; path = Base.lproj/Main.storyboard; sourceTree = "<group>"; };
		97C0596623A1C1D200C55D72 /* Assets.xcassets */ = {isa = PBXFileReference; lastKnownFileType = folder.assetcatalog; path = Assets.xcassets; sourceTree = "<group>"; };
		97C0596923A1C1D200C55D72 /* Base */ = {isa = PBXFileReference; lastKnownFileType = file.storyboard; name = Base; path = Base.lproj/LaunchScreen.storyboard; sourceTree = "<group>"; };
		97C0596B23A1C1D200C55D72 /* Info.plist */ = {isa = PBXFileReference; lastKnownFileType = text.plist.xml; path = Info.plist; sourceTree = "<group>"; };
/* End PBXFileReference section */

/* Begin PBXFrameworksBuildPhase section */
		97C0595723A1C1CE00C55D72 /* Frameworks */ = {
			isa = PBXFrameworksBuildPhase;
			buildActionMask = 2147483647;
			files = (
			);
			runOnlyForDeploymentPostprocessing = 0;
		};
/* End PBXFrameworksBuildPhase section */

/* Begin PBXGroup section */
		97C0595123A1C1CE00C55D72 = {
			isa = PBXGroup;
			children = (
				97C0595C23A1C1CE00C55D72 /* BrainGame */,
				97C0595B23A1C1CE00C55D72 /* Products */,
			);
			sourceTree = "<group>";
		};
		97C0595B23A1C1CE00C55D72 /* Products */ = {
			isa = PBXGroup;
			children = (
				97C0595A23A1C1CE00C55D72 /* FritzFInal.app */,
			);
			name = Products;
			sourceTree = "<group>";
		};
		97C0595C23A1C1CE00C55D72 /* BrainGame */ = {
			isa = PBXGroup;
			children = (
				97C0595D23A1C1CE00C55D72 /* AppDelegate.swift */,
				97C0595F23A1C1CE00C55D72 /* SceneDelegate.swift */,
				97C0596123A1C1CE00C55D72 /* ViewController.swift */,
				97C0596323A1C1CE00C55D72 /* Main.storyboard */,
				97C0596623A1C1D200C55D72 /* Assets.xcassets */,
				97C0596823A1C1D200C55D72 /* LaunchScreen.storyboard */,
				97C0596B23A1C1D200C55D72 /* Info.plist */,
			);
			path = BrainGame;
			sourceTree = "<group>";
		};
/* End PBXGroup section */

/* Begin PBXNativeTarget section */
		97C0595923A1C1CE00C55D72 /* BrainGame */ = {
			isa = PBXNativeTarget;
			buildConfigurationList = 97C0596E23A1C1D200C55D72 /* Build configuration list for PBXNativeTarget "BrainGame" */;
			buildPhases = (
				97C0595623A1C1CE00C55D72 /* Sources */,
				97C0595723A1C1CE00C55D72 /* Frameworks */,
				97C0595823A1C1CE00C55D72 /* Resources */,
			);
			buildRules = (
			);
			dependencies = (
			);
			name = BrainGame;
			productName = BrainGame;
			productReference = 97C0595A23A1C1CE00C55D72 /* FritzFInal.app */;
			productType = "com.apple.product-type.application";
		};
/* End PBXNativeTarget section */

/* Begin PBXProject section */
		97C0595223A1C1CE00C55D72 /* Project object */ = {
			isa = PBXProject;
			attributes = {
				LastSwiftUpdateCheck = 1120;
				LastUpgradeCheck = 1120;
				ORGANIZATIONNAME = "Make School";
				TargetAttributes = {
					97C0595923A1C1CE00C55D72 = {
						CreatedOnToolsVersion = 11.2.1;
					};
				};
			};
			buildConfigurationList = 97C0595523A1C1CE00C55D72 /* Build configuration list for PBXProject "BrainGame" */;
			compatibilityVersion = "Xcode 9.3";
			developmentRegion = en;
			hasScannedForEncodings = 0;
			knownRegions = (
				en,
				Base,
			);
			mainGroup = 97C0595123A1C1CE00C55D72;
			productRefGroup = 97C0595B23A1C1CE00C55D72 /* Products */;
			projectDirPath = "";
			projectRoot = "";
			targets = (
				97C0595923A1C1CE00C55D72 /* BrainGame */,
			);
		};
/* End PBXProject section */

/* Begin PBXResourcesBuildPhase section */
		97C0595823A1C1CE00C55D72 /* Resources */ = {
			isa = PBXResourcesBuildPhase;
			buildActionMask = 2147483647;
			files = (
				97C0596A23A1C1D200C55D72 /* LaunchScreen.storyboard in Resources */,
				97C0596723A1C1D200C55D72 /* Assets.xcassets in Resources */,
				97C0596523A1C1CE00C55D72 /* Main.storyboard in Resources */,
			);
			runOnlyForDeploymentPostprocessing = 0;
		};
/* End PBXResourcesBuildPhase section */

/* Begin PBXSourcesBuildPhase section */
		97C0595623A1C1CE00C55D72 /* Sources */ = {
			isa = PBXSourcesBuildPhase;
			buildActionMask = 2147483647;
			files = (
				97C0596223A1C1CE00C55D72 /* ViewController.swift in Sources */,
				97C0595E23A1C1CE00C55D72 /* AppDelegate.swift in Sources */,
				97C0596023A1C1CE00C55D72 /* SceneDelegate.swift in Sources */,
			);
			runOnlyForDeploymentPostprocessing = 0;
		};
/* End PBXSourcesBuildPhase section */

/* Begin PBXVariantGroup section */
		97C0596323A1C1CE00C55D72 /* Main.storyboard */ = {
			isa = PBXVariantGroup;
			children = (
				97C0596423A1C1CE00C55D72 /* Base */,
			);
			name = Main.storyboard;
			sourceTree = "<group>";
		};
		97C0596823A1C1D200C55D72 /* LaunchScreen.storyboard */ = {
			isa = PBXVariantGroup;
			children = (
				97C0596923A1C1D200C55D72 /* Base */,
			);
			name = LaunchScreen.storyboard;
			sourceTree = "<group>";
		};
/* End PBXVariantGroup section */

/* Begin XCBuildConfiguration section */
		97C0596C23A1C1D200C55D72 /* Debug */ = {
			isa = XCBuildConfiguration;
			buildSettings = {
				ALWAYS_SEARCH_USER_PATHS = NO;
				CLANG_ANALYZER_NONNULL = YES;
				CLANG_ANALYZER_NUMBER_OBJECT_CONVERSION = YES_AGGRESSIVE;
				CLANG_CXX_LANGUAGE_STANDARD = "gnu++14";
				CLANG_CXX_LIBRARY = "libc++";
				CLANG_ENABLE_MODULES = YES;
				CLANG_ENABLE_OBJC_ARC = YES;
				CLANG_ENABLE_OBJC_WEAK = YES;
				CLANG_WARN_BLOCK_CAPTURE_AUTORELEASING = YES;
				CLANG_WARN_BOOL_CONVERSION = YES;
				CLANG_WARN_COMMA = YES;
				CLANG_WARN_CONSTANT_CONVERSION = YES;
				CLANG_WARN_DEPRECATED_OBJC_IMPLEMENTATIONS = YES;
				CLANG_WARN_DIRECT_OBJC_ISA_USAGE = YES_ERROR;
				CLANG_WARN_DOCUMENTATION_COMMENTS = YES;
				CLANG_WARN_EMPTY_BODY = YES;
				CLANG_WARN_ENUM_CONVERSION = YES;
				CLANG_WARN_INFINITE_RECURSION = YES;
				CLANG_WARN_INT_CONVERSION = YES;
				CLANG_WARN_NON_LITERAL_NULL_CONVERSION = YES;
				CLANG_WARN_OBJC_IMPLICIT_RETAIN_SELF = YES;
				CLANG_WARN_OBJC_LITERAL_CONVERSION = YES;
				CLANG_WARN_OBJC_ROOT_CLASS = YES_ERROR;
				CLANG_WARN_RANGE_LOOP_ANALYSIS = YES;
				CLANG_WARN_STRICT_PROTOTYPES = YES;
				CLANG_WARN_SUSPICIOUS_MOVE = YES;
				CLANG_WARN_UNGUARDED_AVAILABILITY = YES_AGGRESSIVE;
				CLANG_WARN_UNREACHABLE_CODE = YES;
				CLANG_WARN__DUPLICATE_METHOD_MATCH = YES;
				COPY_PHASE_STRIP = NO;
				DEBUG_INFORMATION_FORMAT = dwarf;
				ENABLE_STRICT_OBJC_MSGSEND = YES;
				ENABLE_TESTABILITY = YES;
				GCC_C_LANGUAGE_STANDARD = gnu11;
				GCC_DYNAMIC_NO_PIC = NO;
				GCC_NO_COMMON_BLOCKS = YES;
				GCC_OPTIMIZATION_LEVEL = 0;
				GCC_PREPROCESSOR_DEFINITIONS = (
					"DEBUG=1",
					"$(inherited)",
				);
				GCC_WARN_64_TO_32_BIT_CONVERSION = YES;
				GCC_WARN_ABOUT_RETURN_TYPE = YES_ERROR;
				GCC_WARN_UNDECLARED_SELECTOR = YES;
				GCC_WARN_UNINITIALIZED_AUTOS = YES_AGGRESSIVE;
				GCC_WARN_UNUSED_FUNCTION = YES;
				GCC_WARN_UNUSED_VARIABLE = YES;
				IPHONEOS_DEPLOYMENT_TARGET = 13.2;
				MTL_ENABLE_DEBUG_INFO = INCLUDE_SOURCE;
				MTL_FAST_MATH = YES;
				ONLY_ACTIVE_ARCH = YES;
				SDKROOT = iphoneos;
				SWIFT_ACTIVE_COMPILATION_CONDITIONS = DEBUG;
				SWIFT_OPTIMIZATION_LEVEL = "-Onone";
			};
			name = Debug;
		};
		97C0596D23A1C1D200C55D72 /* Release */ = {
			isa = XCBuildConfiguration;
			buildSettings = {
				ALWAYS_SEARCH_USER_PATHS = NO;
				CLANG_ANALYZER_NONNULL = YES;
				CLANG_ANALYZER_NUMBER_OBJECT_CONVERSION = YES_AGGRESSIVE;
				CLANG_CXX_LANGUAGE_STANDARD = "gnu++14";
				CLANG_CXX_LIBRARY = "libc++";
				CLANG_ENABLE_MODULES = YES;
				CLANG_ENABLE_OBJC_ARC = YES;
				CLANG_ENABLE_OBJC_WEAK = YES;
				CLANG_WARN_BLOCK_CAPTURE_AUTORELEASING = YES;
				CLANG_WARN_BOOL_CONVERSION = YES;
				CLANG_WARN_COMMA = YES;
				CLANG_WARN_CONSTANT_CONVERSION = YES;
				CLANG_WARN_DEPRECATED_OBJC_IMPLEMENTATIONS = YES;
				CLANG_WARN_DIRECT_OBJC_ISA_USAGE = YES_ERROR;
				CLANG_WARN_DOCUMENTATION_COMMENTS = YES;
				CLANG_WARN_EMPTY_BODY = YES;
				CLANG_WARN_ENUM_CONVERSION = YES;
				CLANG_WARN_INFINITE_RECURSION = YES;
				CLANG_WARN_INT_CONVERSION = YES;
				CLANG_WARN_NON_LITERAL_NULL_CONVERSION = YES;
				CLANG_WARN_OBJC_IMPLICIT_RETAIN_SELF = YES;
				CLANG_WARN_OBJC_LITERAL_CONVERSION = YES;
				CLANG_WARN_OBJC_ROOT_CLASS = YES_ERROR;
				CLANG_WARN_RANGE_LOOP_ANALYSIS = YES;
				CLANG_WARN_STRICT_PROTOTYPES = YES;
				CLANG_WARN_SUSPICIOUS_MOVE = YES;
				CLANG_WARN_UNGUARDED_AVAILABILITY = YES_AGGRESSIVE;
				CLANG_WARN_UNREACHABLE_CODE = YES;
				CLANG_WARN__DUPLICATE_METHOD_MATCH = YES;
				COPY_PHASE_STRIP = NO;
				DEBUG_INFORMATION_FORMAT = "dwarf-with-dsym";
				ENABLE_NS_ASSERTIONS = NO;
				ENABLE_STRICT_OBJC_MSGSEND = YES;
				GCC_C_LANGUAGE_STANDARD = gnu11;
				GCC_NO_COMMON_BLOCKS = YES;
				GCC_WARN_64_TO_32_BIT_CONVERSION = YES;
				GCC_WARN_ABOUT_RETURN_TYPE = YES_ERROR;
				GCC_WARN_UNDECLARED_SELECTOR = YES;
				GCC_WARN_UNINITIALIZED_AUTOS = YES_AGGRESSIVE;
				GCC_WARN_UNUSED_FUNCTION = YES;
				GCC_WARN_UNUSED_VARIABLE = YES;
				IPHONEOS_DEPLOYMENT_TARGET = 13.2;
				MTL_ENABLE_DEBUG_INFO = NO;
				MTL_FAST_MATH = YES;
				SDKROOT = iphoneos;
				SWIFT_COMPILATION_MODE = wholemodule;
				SWIFT_OPTIMIZATION_LEVEL = "-O";
				VALIDATE_PRODUCT = YES;
			};
			name = Release;
		};
		97C0596F23A1C1D200C55D72 /* Debug */ = {
			isa = XCBuildConfiguration;
			buildSettings = {
				ASSETCATALOG_COMPILER_APPICON_NAME = AppIcon;
				CODE_SIGN_STYLE = Automatic;
				DEVELOPMENT_TEAM = H5B545XA3T;
				INFOPLIST_FILE = BrainGame/Info.plist;
				LD_RUNPATH_SEARCH_PATHS = (
					"$(inherited)",
					"@executable_path/Frameworks",
				);
				PRODUCT_BUNDLE_IDENTIFIER = com.makeschool.BrainGame;
				PRODUCT_NAME = FritzFInal;
				SWIFT_VERSION = 5.0;
				TARGETED_DEVICE_FAMILY = "1,2";
			};
			name = Debug;
		};
		97C0597023A1C1D200C55D72 /* Release */ = {
			isa = XCBuildConfiguration;
			buildSettings = {
				ASSETCATALOG_COMPILER_APPICON_NAME = AppIcon;
				CODE_SIGN_STYLE = Automatic;
				DEVELOPMENT_TEAM = H5B545XA3T;
				INFOPLIST_FILE = BrainGame/Info.plist;
				LD_RUNPATH_SEARCH_PATHS = (
					"$(inherited)",
					"@executable_path/Frameworks",
				);
				PRODUCT_BUNDLE_IDENTIFIER = com.makeschool.BrainGame;
				PRODUCT_NAME = FritzFInal;
				SWIFT_VERSION = 5.0;
				TARGETED_DEVICE_FAMILY = "1,2";
			};
			name = Release;
		};
/* End XCBuildConfiguration section */

/* Begin XCConfigurationList section */
		97C0595523A1C1CE00C55D72 /* Build configuration list for PBXProject "BrainGame" */ = {
			isa = XCConfigurationList;
			buildConfigurations = (
				97C0596C23A1C1D200C55D72 /* Debug */,
				97C0596D23A1C1D200C55D72 /* Release */,
			);
			defaultConfigurationIsVisible = 0;
			defaultConfigurationName = Release;
		};
		97C0596E23A1C1D200C55D72 /* Build configuration list for PBXNativeTarget "BrainGame" */ = {
			isa = XCConfigurationList;
			buildConfigurations = (
				97C0596F23A1C1D200C55D72 /* Debug */,
				97C0597023A1C1D200C55D72 /* Release */,
			);
			defaultConfigurationIsVisible = 0;
			defaultConfigurationName = Release;
		};
/* End XCConfigurationList section */
	};
	rootObject = 97C0595223A1C1CE00C55D72 /* Project object */;
}
